// !$*UTF8*$!
{
	archiveVersion = 1;
	classes = {
	};
	objectVersion = 56;
	objects = {

/* Begin PBXBuildFile section */
		103D81A52B5D7554004C4065 /* ColorTile.m in Sources */ = {isa = PBXBuildFile; fileRef = 103D81A42B5D7554004C4065 /* ColorTile.m */; };
		108DA1642B55C4AE00CB04D9 /* AppDelegate.m in Sources */ = {isa = PBXBuildFile; fileRef = 108DA1632B55C4AE00CB04D9 /* AppDelegate.m */; };
		108DA1672B55C4AE00CB04D9 /* SceneDelegate.m in Sources */ = {isa = PBXBuildFile; fileRef = 108DA1662B55C4AE00CB04D9 /* SceneDelegate.m */; };
		108DA16A2B55C4AE00CB04D9 /* MainViewController.m in Sources */ = {isa = PBXBuildFile; fileRef = 108DA1692B55C4AE00CB04D9 /* MainViewController.m */; };
		108DA16F2B55C4AF00CB04D9 /* Assets.xcassets in Resources */ = {isa = PBXBuildFile; fileRef = 108DA16E2B55C4AF00CB04D9 /* Assets.xcassets */; };
		108DA1752B55C4AF00CB04D9 /* main.m in Sources */ = {isa = PBXBuildFile; fileRef = 108DA1742B55C4AF00CB04D9 /* main.m */; };
		108DA17D2B55C4CC00CB04D9 /* Loader.m in Sources */ = {isa = PBXBuildFile; fileRef = 108DA17C2B55C4CC00CB04D9 /* Loader.m */; };
		108DA1802B56D0EC00CB04D9 /* SecondViewController.m in Sources */ = {isa = PBXBuildFile; fileRef = 108DA17F2B56D0EC00CB04D9 /* SecondViewController.m */; };
		108DA1832B56E34C00CB04D9 /* CreatorUIObjects.m in Sources */ = {isa = PBXBuildFile; fileRef = 108DA1822B56E34C00CB04D9 /* CreatorUIObjects.m */; };
		10C6414F2B5EAA1400275470 /* Robot.m in Sources */ = {isa = PBXBuildFile; fileRef = 10C6414E2B5EAA1400275470 /* Robot.m */; };
/* End PBXBuildFile section */

/* Begin PBXFileReference section */
		103D81A32B5D7554004C4065 /* ColorTile.h */ = {isa = PBXFileReference; lastKnownFileType = sourcecode.c.h; path = ColorTile.h; sourceTree = "<group>"; };
		103D81A42B5D7554004C4065 /* ColorTile.m */ = {isa = PBXFileReference; lastKnownFileType = sourcecode.c.objc; path = ColorTile.m; sourceTree = "<group>"; };
		108DA15F2B55C4AE00CB04D9 /* Seminar#5NewOBJ-C.app */ = {isa = PBXFileReference; explicitFileType = wrapper.application; includeInIndex = 0; path = "Seminar#5NewOBJ-C.app"; sourceTree = BUILT_PRODUCTS_DIR; };
		108DA1622B55C4AE00CB04D9 /* AppDelegate.h */ = {isa = PBXFileReference; lastKnownFileType = sourcecode.c.h; path = AppDelegate.h; sourceTree = "<group>"; };
		108DA1632B55C4AE00CB04D9 /* AppDelegate.m */ = {isa = PBXFileReference; lastKnownFileType = sourcecode.c.objc; path = AppDelegate.m; sourceTree = "<group>"; };
		108DA1652B55C4AE00CB04D9 /* SceneDelegate.h */ = {isa = PBXFileReference; lastKnownFileType = sourcecode.c.h; path = SceneDelegate.h; sourceTree = "<group>"; };
		108DA1662B55C4AE00CB04D9 /* SceneDelegate.m */ = {isa = PBXFileReference; lastKnownFileType = sourcecode.c.objc; path = SceneDelegate.m; sourceTree = "<group>"; };
		108DA1682B55C4AE00CB04D9 /* MainViewController.h */ = {isa = PBXFileReference; lastKnownFileType = sourcecode.c.h; path = MainViewController.h; sourceTree = "<group>"; };
		108DA1692B55C4AE00CB04D9 /* MainViewController.m */ = {isa = PBXFileReference; lastKnownFileType = sourcecode.c.objc; path = MainViewController.m; sourceTree = "<group>"; };
		108DA16E2B55C4AF00CB04D9 /* Assets.xcassets */ = {isa = PBXFileReference; lastKnownFileType = folder.assetcatalog; path = Assets.xcassets; sourceTree = "<group>"; };
		108DA1732B55C4AF00CB04D9 /* Info.plist */ = {isa = PBXFileReference; lastKnownFileType = text.plist.xml; path = Info.plist; sourceTree = "<group>"; };
		108DA1742B55C4AF00CB04D9 /* main.m */ = {isa = PBXFileReference; lastKnownFileType = sourcecode.c.objc; path = main.m; sourceTree = "<group>"; };
		108DA17B2B55C4CC00CB04D9 /* Loader.h */ = {isa = PBXFileReference; fileEncoding = 4; lastKnownFileType = sourcecode.c.h; path = Loader.h; sourceTree = "<group>"; };
		108DA17C2B55C4CC00CB04D9 /* Loader.m */ = {isa = PBXFileReference; fileEncoding = 4; lastKnownFileType = sourcecode.c.objc; path = Loader.m; sourceTree = "<group>"; };
		108DA17E2B56D0EC00CB04D9 /* SecondViewController.h */ = {isa = PBXFileReference; lastKnownFileType = sourcecode.c.h; path = SecondViewController.h; sourceTree = "<group>"; };
		108DA17F2B56D0EC00CB04D9 /* SecondViewController.m */ = {isa = PBXFileReference; lastKnownFileType = sourcecode.c.objc; path = SecondViewController.m; sourceTree = "<group>"; };
		108DA1812B56E34C00CB04D9 /* CreatorUIObjects.h */ = {isa = PBXFileReference; lastKnownFileType = sourcecode.c.h; path = CreatorUIObjects.h; sourceTree = "<group>"; };
		108DA1822B56E34C00CB04D9 /* CreatorUIObjects.m */ = {isa = PBXFileReference; lastKnownFileType = sourcecode.c.objc; path = CreatorUIObjects.m; sourceTree = "<group>"; };
		10C6414D2B5EAA1400275470 /* Robot.h */ = {isa = PBXFileReference; lastKnownFileType = sourcecode.c.h; path = Robot.h; sourceTree = "<group>"; };
		10C6414E2B5EAA1400275470 /* Robot.m */ = {isa = PBXFileReference; lastKnownFileType = sourcecode.c.objc; path = Robot.m; sourceTree = "<group>"; };
/* End PBXFileReference section */

/* Begin PBXFrameworksBuildPhase section */
		108DA15C2B55C4AE00CB04D9 /* Frameworks */ = {
			isa = PBXFrameworksBuildPhase;
			buildActionMask = 2147483647;
			files = (
			);
			runOnlyForDeploymentPostprocessing = 0;
		};
/* End PBXFrameworksBuildPhase section */

/* Begin PBXGroup section */
		108DA1562B55C4AE00CB04D9 = {
			isa = PBXGroup;
			children = (
				108DA1612B55C4AE00CB04D9 /* Seminar#5NewOBJ-C */,
				108DA1602B55C4AE00CB04D9 /* Products */,
			);
			sourceTree = "<group>";
		};
		108DA1602B55C4AE00CB04D9 /* Products */ = {
			isa = PBXGroup;
			children = (
				108DA15F2B55C4AE00CB04D9 /* Seminar#5NewOBJ-C.app */,
			);
			name = Products;
			sourceTree = "<group>";
		};
		108DA1612B55C4AE00CB04D9 /* Seminar#5NewOBJ-C */ = {
			isa = PBXGroup;
			children = (
				108DA1622B55C4AE00CB04D9 /* AppDelegate.h */,
				108DA1632B55C4AE00CB04D9 /* AppDelegate.m */,
				108DA1652B55C4AE00CB04D9 /* SceneDelegate.h */,
				108DA1662B55C4AE00CB04D9 /* SceneDelegate.m */,
				108DA1682B55C4AE00CB04D9 /* MainViewController.h */,
				108DA1812B56E34C00CB04D9 /* CreatorUIObjects.h */,
				108DA1822B56E34C00CB04D9 /* CreatorUIObjects.m */,
				108DA1692B55C4AE00CB04D9 /* MainViewController.m */,
				103D81A32B5D7554004C4065 /* ColorTile.h */,
				10C6414D2B5EAA1400275470 /* Robot.h */,
				10C6414E2B5EAA1400275470 /* Robot.m */,
				103D81A42B5D7554004C4065 /* ColorTile.m */,
				108DA17E2B56D0EC00CB04D9 /* SecondViewController.h */,
				108DA17F2B56D0EC00CB04D9 /* SecondViewController.m */,
				108DA16E2B55C4AF00CB04D9 /* Assets.xcassets */,
				108DA1732B55C4AF00CB04D9 /* Info.plist */,
				108DA1742B55C4AF00CB04D9 /* main.m */,
				108DA17B2B55C4CC00CB04D9 /* Loader.h */,
				108DA17C2B55C4CC00CB04D9 /* Loader.m */,
			);
			path = "Seminar#5NewOBJ-C";
			sourceTree = "<group>";
		};
/* End PBXGroup section */

/* Begin PBXNativeTarget section */
		108DA15E2B55C4AE00CB04D9 /* Seminar#5NewOBJ-C */ = {
			isa = PBXNativeTarget;
			buildConfigurationList = 108DA1782B55C4AF00CB04D9 /* Build configuration list for PBXNativeTarget "Seminar#5NewOBJ-C" */;
			buildPhases = (
				108DA15B2B55C4AE00CB04D9 /* Sources */,
				108DA15C2B55C4AE00CB04D9 /* Frameworks */,
				108DA15D2B55C4AE00CB04D9 /* Resources */,
			);
			buildRules = (
			);
			dependencies = (
			);
			name = "Seminar#5NewOBJ-C";
			productName = "Seminar#5NewOBJ-C";
			productReference = 108DA15F2B55C4AE00CB04D9 /* Seminar#5NewOBJ-C.app */;
			productType = "com.apple.product-type.application";
		};
/* End PBXNativeTarget section */

/* Begin PBXProject section */
		108DA1572B55C4AE00CB04D9 /* Project object */ = {
			isa = PBXProject;
			attributes = {
				BuildIndependentTargetsInParallel = 1;
				LastUpgradeCheck = 1500;
				TargetAttributes = {
					108DA15E2B55C4AE00CB04D9 = {
						CreatedOnToolsVersion = 15.0.1;
					};
				};
			};
			buildConfigurationList = 108DA15A2B55C4AE00CB04D9 /* Build configuration list for PBXProject "Seminar#5NewOBJ-C" */;
			compatibilityVersion = "Xcode 14.0";
			developmentRegion = en;
			hasScannedForEncodings = 0;
			knownRegions = (
				en,
				Base,
			);
			mainGroup = 108DA1562B55C4AE00CB04D9;
			productRefGroup = 108DA1602B55C4AE00CB04D9 /* Products */;
			projectDirPath = "";
			projectRoot = "";
			targets = (
				108DA15E2B55C4AE00CB04D9 /* Seminar#5NewOBJ-C */,
			);
		};
/* End PBXProject section */

/* Begin PBXResourcesBuildPhase section */
		108DA15D2B55C4AE00CB04D9 /* Resources */ = {
			isa = PBXResourcesBuildPhase;
			buildActionMask = 2147483647;
			files = (
				108DA16F2B55C4AF00CB04D9 /* Assets.xcassets in Resources */,
			);
			runOnlyForDeploymentPostprocessing = 0;
		};
/* End PBXResourcesBuildPhase section */

/* Begin PBXSourcesBuildPhase section */
		108DA15B2B55C4AE00CB04D9 /* Sources */ = {
			isa = PBXSourcesBuildPhase;
			buildActionMask = 2147483647;
			files = (
				103D81A52B5D7554004C4065 /* ColorTile.m in Sources */,
				108DA1802B56D0EC00CB04D9 /* SecondViewController.m in Sources */,
				108DA1832B56E34C00CB04D9 /* CreatorUIObjects.m in Sources */,
				108DA16A2B55C4AE00CB04D9 /* MainViewController.m in Sources */,
				108DA1642B55C4AE00CB04D9 /* AppDelegate.m in Sources */,
				108DA1752B55C4AF00CB04D9 /* main.m in Sources */,
				10C6414F2B5EAA1400275470 /* Robot.m in Sources */,
				108DA1672B55C4AE00CB04D9 /* SceneDelegate.m in Sources */,
				108DA17D2B55C4CC00CB04D9 /* Loader.m in Sources */,
			);
			runOnlyForDeploymentPostprocessing = 0;
		};
/* End PBXSourcesBuildPhase section */

/* Begin XCBuildConfiguration section */
		108DA1762B55C4AF00CB04D9 /* Debug */ = {
			isa = XCBuildConfiguration;
			buildSettings = {
				ALWAYS_SEARCH_USER_PATHS = NO;
				ASSETCATALOG_COMPILER_GENERATE_SWIFT_ASSET_SYMBOL_EXTENSIONS = YES;
				CLANG_ANALYZER_NONNULL = YES;
				CLANG_ANALYZER_NUMBER_OBJECT_CONVERSION = YES_AGGRESSIVE;
				CLANG_CXX_LANGUAGE_STANDARD = "gnu++20";
				CLANG_ENABLE_MODULES = YES;
				CLANG_ENABLE_OBJC_ARC = YES;
				CLANG_ENABLE_OBJC_WEAK = YES;
				CLANG_WARN_BLOCK_CAPTURE_AUTORELEASING = YES;
				CLANG_WARN_BOOL_CONVERSION = YES;
				CLANG_WARN_COMMA = YES;
				CLANG_WARN_CONSTANT_CONVERSION = YES;
				CLANG_WARN_DEPRECATED_OBJC_IMPLEMENTATIONS = YES;
				CLANG_WARN_DIRECT_OBJC_ISA_USAGE = YES_ERROR;
				CLANG_WARN_DOCUMENTATION_COMMENTS = YES;
				CLANG_WARN_EMPTY_BODY = YES;
				CLANG_WARN_ENUM_CONVERSION = YES;
				CLANG_WARN_INFINITE_RECURSION = YES;
				CLANG_WARN_INT_CONVERSION = YES;
				CLANG_WARN_NON_LITERAL_NULL_CONVERSION = YES;
				CLANG_WARN_OBJC_IMPLICIT_RETAIN_SELF = YES;
				CLANG_WARN_OBJC_LITERAL_CONVERSION = YES;
				CLANG_WARN_OBJC_ROOT_CLASS = YES_ERROR;
				CLANG_WARN_QUOTED_INCLUDE_IN_FRAMEWORK_HEADER = YES;
				CLANG_WARN_RANGE_LOOP_ANALYSIS = YES;
				CLANG_WARN_STRICT_PROTOTYPES = YES;
				CLANG_WARN_SUSPICIOUS_MOVE = YES;
				CLANG_WARN_UNGUARDED_AVAILABILITY = YES_AGGRESSIVE;
				CLANG_WARN_UNREACHABLE_CODE = YES;
				CLANG_WARN__DUPLICATE_METHOD_MATCH = YES;
				COPY_PHASE_STRIP = NO;
				DEBUG_INFORMATION_FORMAT = dwarf;
				ENABLE_STRICT_OBJC_MSGSEND = YES;
				ENABLE_TESTABILITY = YES;
				ENABLE_USER_SCRIPT_SANDBOXING = YES;
				GCC_C_LANGUAGE_STANDARD = gnu17;
				GCC_DYNAMIC_NO_PIC = NO;
				GCC_NO_COMMON_BLOCKS = YES;
				GCC_OPTIMIZATION_LEVEL = 0;
				GCC_PREPROCESSOR_DEFINITIONS = (
					"DEBUG=1",
					"$(inherited)",
				);
				GCC_WARN_64_TO_32_BIT_CONVERSION = YES;
				GCC_WARN_ABOUT_RETURN_TYPE = YES_ERROR;
				GCC_WARN_UNDECLARED_SELECTOR = YES;
				GCC_WARN_UNINITIALIZED_AUTOS = YES_AGGRESSIVE;
				GCC_WARN_UNUSED_FUNCTION = YES;
				GCC_WARN_UNUSED_VARIABLE = YES;
				IPHONEOS_DEPLOYMENT_TARGET = 17.0;
				LOCALIZATION_PREFERS_STRING_CATALOGS = YES;
				MTL_ENABLE_DEBUG_INFO = INCLUDE_SOURCE;
				MTL_FAST_MATH = YES;
				ONLY_ACTIVE_ARCH = YES;
				SDKROOT = iphoneos;
			};
			name = Debug;
		};
		108DA1772B55C4AF00CB04D9 /* Release */ = {
			isa = XCBuildConfiguration;
			buildSettings = {
				ALWAYS_SEARCH_USER_PATHS = NO;
				ASSETCATALOG_COMPILER_GENERATE_SWIFT_ASSET_SYMBOL_EXTENSIONS = YES;
				CLANG_ANALYZER_NONNULL = YES;
				CLANG_ANALYZER_NUMBER_OBJECT_CONVERSION = YES_AGGRESSIVE;
				CLANG_CXX_LANGUAGE_STANDARD = "gnu++20";
				CLANG_ENABLE_MODULES = YES;
				CLANG_ENABLE_OBJC_ARC = YES;
				CLANG_ENABLE_OBJC_WEAK = YES;
				CLANG_WARN_BLOCK_CAPTURE_AUTORELEASING = YES;
				CLANG_WARN_BOOL_CONVERSION = YES;
				CLANG_WARN_COMMA = YES;
				CLANG_WARN_CONSTANT_CONVERSION = YES;
				CLANG_WARN_DEPRECATED_OBJC_IMPLEMENTATIONS = YES;
				CLANG_WARN_DIRECT_OBJC_ISA_USAGE = YES_ERROR;
				CLANG_WARN_DOCUMENTATION_COMMENTS = YES;
				CLANG_WARN_EMPTY_BODY = YES;
				CLANG_WARN_ENUM_CONVERSION = YES;
				CLANG_WARN_INFINITE_RECURSION = YES;
				CLANG_WARN_INT_CONVERSION = YES;
				CLANG_WARN_NON_LITERAL_NULL_CONVERSION = YES;
				CLANG_WARN_OBJC_IMPLICIT_RETAIN_SELF = YES;
				CLANG_WARN_OBJC_LITERAL_CONVERSION = YES;
				CLANG_WARN_OBJC_ROOT_CLASS = YES_ERROR;
				CLANG_WARN_QUOTED_INCLUDE_IN_FRAMEWORK_HEADER = YES;
				CLANG_WARN_RANGE_LOOP_ANALYSIS = YES;
				CLANG_WARN_STRICT_PROTOTYPES = YES;
				CLANG_WARN_SUSPICIOUS_MOVE = YES;
				CLANG_WARN_UNGUARDED_AVAILABILITY = YES_AGGRESSIVE;
				CLANG_WARN_UNREACHABLE_CODE = YES;
				CLANG_WARN__DUPLICATE_METHOD_MATCH = YES;
				COPY_PHASE_STRIP = NO;
				DEBUG_INFORMATION_FORMAT = "dwarf-with-dsym";
				ENABLE_NS_ASSERTIONS = NO;
				ENABLE_STRICT_OBJC_MSGSEND = YES;
				ENABLE_USER_SCRIPT_SANDBOXING = YES;
				GCC_C_LANGUAGE_STANDARD = gnu17;
				GCC_NO_COMMON_BLOCKS = YES;
				GCC_WARN_64_TO_32_BIT_CONVERSION = YES;
				GCC_WARN_ABOUT_RETURN_TYPE = YES_ERROR;
				GCC_WARN_UNDECLARED_SELECTOR = YES;
				GCC_WARN_UNINITIALIZED_AUTOS = YES_AGGRESSIVE;
				GCC_WARN_UNUSED_FUNCTION = YES;
				GCC_WARN_UNUSED_VARIABLE = YES;
				IPHONEOS_DEPLOYMENT_TARGET = 17.0;
				LOCALIZATION_PREFERS_STRING_CATALOGS = YES;
				MTL_ENABLE_DEBUG_INFO = NO;
				MTL_FAST_MATH = YES;
				SDKROOT = iphoneos;
				VALIDATE_PRODUCT = YES;
			};
			name = Release;
		};
		108DA1792B55C4AF00CB04D9 /* Debug */ = {
			isa = XCBuildConfiguration;
			buildSettings = {
				ASSETCATALOG_COMPILER_APPICON_NAME = AppIcon;
				ASSETCATALOG_COMPILER_GLOBAL_ACCENT_COLOR_NAME = AccentColor;
				CODE_SIGN_STYLE = Automatic;
				CURRENT_PROJECT_VERSION = 1;
				DEVELOPMENT_TEAM = A2U63MLX35;
				GENERATE_INFOPLIST_FILE = YES;
				INFOPLIST_FILE = "Seminar#5NewOBJ-C/Info.plist";
				INFOPLIST_KEY_UIApplicationSupportsIndirectInputEvents = YES;
				INFOPLIST_KEY_UILaunchStoryboardName = LaunchScreen;
				INFOPLIST_KEY_UISupportedInterfaceOrientations_iPad = "UIInterfaceOrientationPortrait UIInterfaceOrientationPortraitUpsideDown UIInterfaceOrientationLandscapeLeft UIInterfaceOrientationLandscapeRight";
				INFOPLIST_KEY_UISupportedInterfaceOrientations_iPhone = "UIInterfaceOrientationPortrait UIInterfaceOrientationLandscapeLeft UIInterfaceOrientationLandscapeRight";
				LD_RUNPATH_SEARCH_PATHS = (
					"$(inherited)",
					"@executable_path/Frameworks",
				);
				MARKETING_VERSION = 1.0;
				PRODUCT_BUNDLE_IDENTIFIER = "AlexNoizzzz.Seminar-5NewOBJ-C";
				PRODUCT_NAME = "$(TARGET_NAME)";
				SWIFT_EMIT_LOC_STRINGS = YES;
				TARGETED_DEVICE_FAMILY = "1,2";
			};
			name = Debug;
		};
		108DA17A2B55C4AF00CB04D9 /* Release */ = {
			isa = XCBuildConfiguration;
			buildSettings = {
				ASSETCATALOG_COMPILER_APPICON_NAME = AppIcon;
				ASSETCATALOG_COMPILER_GLOBAL_ACCENT_COLOR_NAME = AccentColor;
				CODE_SIGN_STYLE = Automatic;
				CURRENT_PROJECT_VERSION = 1;
				DEVELOPMENT_TEAM = A2U63MLX35;
				GENERATE_INFOPLIST_FILE = YES;
				INFOPLIST_FILE = "Seminar#5NewOBJ-C/Info.plist";
				INFOPLIST_KEY_UIApplicationSupportsIndirectInputEvents = YES;
				INFOPLIST_KEY_UILaunchStoryboardName = LaunchScreen;
				INFOPLIST_KEY_UISupportedInterfaceOrientations_iPad = "UIInterfaceOrientationPortrait UIInterfaceOrientationPortraitUpsideDown UIInterfaceOrientationLandscapeLeft UIInterfaceOrientationLandscapeRight";
				INFOPLIST_KEY_UISupportedInterfaceOrientations_iPhone = "UIInterfaceOrientationPortrait UIInterfaceOrientationLandscapeLeft UIInterfaceOrientationLandscapeRight";
				LD_RUNPATH_SEARCH_PATHS = (
					"$(inherited)",
					"@executable_path/Frameworks",
				);
				MARKETING_VERSION = 1.0;
				PRODUCT_BUNDLE_IDENTIFIER = "AlexNoizzzz.Seminar-5NewOBJ-C";
				PRODUCT_NAME = "$(TARGET_NAME)";
				SWIFT_EMIT_LOC_STRINGS = YES;
				TARGETED_DEVICE_FAMILY = "1,2";
			};
			name = Release;
		};
/* End XCBuildConfiguration section */

/* Begin XCConfigurationList section */
		108DA15A2B55C4AE00CB04D9 /* Build configuration list for PBXProject "Seminar#5NewOBJ-C" */ = {
			isa = XCConfigurationList;
			buildConfigurations = (
				108DA1762B55C4AF00CB04D9 /* Debug */,
				108DA1772B55C4AF00CB04D9 /* Release */,
			);
			defaultConfigurationIsVisible = 0;
			defaultConfigurationName = Release;
		};
		108DA1782B55C4AF00CB04D9 /* Build configuration list for PBXNativeTarget "Seminar#5NewOBJ-C" */ = {
			isa = XCConfigurationList;
			buildConfigurations = (
				108DA1792B55C4AF00CB04D9 /* Debug */,
				108DA17A2B55C4AF00CB04D9 /* Release */,
			);
			defaultConfigurationIsVisible = 0;
			defaultConfigurationName = Release;
		};
/* End XCConfigurationList section */
	};
	rootObject = 108DA1572B55C4AE00CB04D9 /* Project object */;
}
